
Microsoft Visual Studio Solution File, Format Version 12.00
# Visual Studio 15
VisualStudioVersion = 15.0.27130.2036
MinimumVisualStudioVersion = 10.0.40219.1
Project("{8BC9CEB8-8B4A-11D0-8D11-00A0C91BC942}") = "ValkyrieWork", "ValkyrieWork\ValkyrieWork.vcxproj", "{0DD10281-CBE0-4A18-99D2-30FDAB8FF6B8}"
EndProject
Global
	GlobalSection(SolutionConfigurationPlatforms) = preSolution
		Development|x64 = Development|x64
		Development|x86 = Development|x86
		Production|x64 = Production|x64
		Production|x86 = Production|x86
	EndGlobalSection
	GlobalSection(ProjectConfigurationPlatforms) = postSolution
		{0DD10281-CBE0-4A18-99D2-30FDAB8FF6B8}.Development|x64.ActiveCfg = Development|x64
		{0DD10281-CBE0-4A18-99D2-30FDAB8FF6B8}.Development|x64.Build.0 = Development|x64
		{0DD10281-CBE0-4A18-99D2-30FDAB8FF6B8}.Development|x86.ActiveCfg = Development|Win32
		{0DD10281-CBE0-4A18-99D2-30FDAB8FF6B8}.Development|x86.Build.0 = Development|Win32
		{0DD10281-CBE0-4A18-99D2-30FDAB8FF6B8}.Production|x64.ActiveCfg = Production|x64
		{0DD10281-CBE0-4A18-99D2-30FDAB8FF6B8}.Production|x64.Build.0 = Production|x64
		{0DD10281-CBE0-4A18-99D2-30FDAB8FF6B8}.Production|x86.ActiveCfg = Production|Win32
		{0DD10281-CBE0-4A18-99D2-30FDAB8FF6B8}.Production|x86.Build.0 = Production|Win32
	EndGlobalSection
	GlobalSection(SolutionProperties) = preSolution
		HideSolutionNode = FALSE
	EndGlobalSection
	GlobalSection(ExtensibilityGlobals) = postSolution
		SolutionGuid = {C170987F-96E3-42E1-B446-41E315781540}
	EndGlobalSection
EndGlobal
