<?xml version="1.0" encoding="utf-8"?>
<Project ToolsVersion="4.0" xmlns="http://schemas.microsoft.com/developer/msbuild/2003">
  <ItemGroup>
    <ClCompile Include="main.cpp">
      <Filter>Source Files</Filter>
    </ClCompile>
    <ClCompile Include="aimbotfeatures.cpp">
      <Filter>Source Files\Features\Aimbot</Filter>
    </ClCompile>
    <ClCompile Include="espfeature.cpp">
      <Filter>Source Files\Features\ESP</Filter>
    </ClCompile>
    <ClCompile Include="miscfeatures.cpp">
      <Filter>Source Files\Features\Misc</Filter>
    </ClCompile>
    <ClCompile Include="renderpayload.cpp">
      <Filter>Source Files\Features\ESP</Filter>
    </ClCompile>
    <ClCompile Include="CD3DFont.cpp">
      <Filter>Source Files\Bad/Old Stuff %28renderer/menu%29</Filter>
    </ClCompile>
    <ClCompile Include="draw.cpp">
      <Filter>Source Files\Bad/Old Stuff %28renderer/menu%29</Filter>
    </ClCompile>
    <ClCompile Include="Renderer.cpp">
      <Filter>Source Files\Bad/Old Stuff %28renderer/menu%29</Filter>
    </ClCompile>
    <ClCompile Include="featurelist.cpp">
      <Filter>Source Files\Features</Filter>
    </ClCompile>
    <ClCompile Include="csgoutils.cpp">
      <Filter>Source Files\Util</Filter>
    </ClCompile>
    <ClCompile Include="memory.cpp">
      <Filter>Source Files\Util</Filter>
    </ClCompile>
    <ClCompile Include="netvarreader.cpp">
      <Filter>Source Files\Util</Filter>
    </ClCompile>
    <ClCompile Include="playerlist.cpp">
      <Filter>Source Files\Util</Filter>
    </ClCompile>
    <ClCompile Include="valkAPI.cpp">
      <Filter>Source Files\Util</Filter>
    </ClCompile>
    <ClCompile Include="globals.cpp">
      <Filter>Source Files\Global</Filter>
    </ClCompile>
    <ClCompile Include="signaturelist.cpp">
      <Filter>Source Files\Util</Filter>
    </ClCompile>
    <ClCompile Include="esprendering.cpp">
      <Filter>Source Files\Features\ESP</Filter>
    </ClCompile>
    <ClCompile Include="Menu.cpp">
      <Filter>Source Files\Bad/Old Stuff %28renderer/menu%29</Filter>
    </ClCompile>
  </ItemGroup>
  <ItemGroup>
    <ClInclude Include="CD3DFont.h">
      <Filter>Source Files\Bad/Old Stuff %28renderer/menu%29</Filter>
    </ClInclude>
    <ClInclude Include="Renderer.h">
      <Filter>Source Files\Bad/Old Stuff %28renderer/menu%29</Filter>
    </ClInclude>
    <ClInclude Include="draw.h">
      <Filter>Source Files\Bad/Old Stuff %28renderer/menu%29</Filter>
    </ClInclude>
    <ClInclude Include="espfeatures.h">
      <Filter>Source Files\Features\ESP</Filter>
    </ClInclude>
    <ClInclude Include="renderpayload.h">
      <Filter>Source Files\Features\ESP</Filter>
    </ClInclude>
    <ClInclude Include="feature.h">
      <Filter>Source Files\Features</Filter>
    </ClInclude>
    <ClInclude Include="aimbotfeatures.h">
      <Filter>Source Files\Features\Aimbot</Filter>
    </ClInclude>
    <ClInclude Include="miscfeatures.h">
      <Filter>Source Files\Features\Misc</Filter>
    </ClInclude>
    <ClInclude Include="csgoutils.h">
      <Filter>Source Files\Util</Filter>
    </ClInclude>
    <ClInclude Include="memory.h">
      <Filter>Source Files\Util</Filter>
    </ClInclude>
    <ClInclude Include="netvarreader.h">
      <Filter>Source Files\Util</Filter>
    </ClInclude>
    <ClInclude Include="playerlist.h">
      <Filter>Source Files\Util</Filter>
    </ClInclude>
    <ClInclude Include="valkAPI.h">
      <Filter>Source Files\Util</Filter>
    </ClInclude>
    <ClInclude Include="vector.h">
      <Filter>Source Files\Util</Filter>
    </ClInclude>
    <ClInclude Include="res.h">
      <Filter>Source Files\Global</Filter>
    </ClInclude>
    <ClInclude Include="globals.h">
      <Filter>Source Files\Global</Filter>
    </ClInclude>
    <ClInclude Include="signaturelist.h">
      <Filter>Source Files\Util</Filter>
    </ClInclude>
    <ClInclude Include="esprendering.h">
      <Filter>Source Files\Features\ESP</Filter>
    </ClInclude>
    <ClInclude Include="Menu.h">
      <Filter>Source Files\Bad/Old Stuff %28renderer/menu%29</Filter>
    </ClInclude>
  </ItemGroup>
  <ItemGroup>
    <Filter Include="Source Files">
      <UniqueIdentifier>{2ea5a882-a87c-4920-a0b8-554cba8f72d3}</UniqueIdentifier>
    </Filter>
    <Filter Include="Source Files\Features">
      <UniqueIdentifier>{dee467b1-9d5f-4e0a-b198-6b1d4e7e34c7}</UniqueIdentifier>
    </Filter>
    <Filter Include="Source Files\Features\ESP">
      <UniqueIdentifier>{2977066c-b200-4977-9f90-2266320df093}</UniqueIdentifier>
    </Filter>
    <Filter Include="Source Files\Features\Aimbot">
      <UniqueIdentifier>{1396a418-b581-4f2a-9380-111cff5c5eb6}</UniqueIdentifier>
    </Filter>
    <Filter Include="Source Files\Features\Misc">
      <UniqueIdentifier>{04de1d62-07b0-4b0b-a7dc-6dfedd7ac264}</UniqueIdentifier>
    </Filter>
    <Filter Include="Source Files\Util">
      <UniqueIdentifier>{b795ec3f-24b7-4ab3-b8d2-69cc6d2f8555}</UniqueIdentifier>
    </Filter>
    <Filter Include="Source Files\Global">
      <UniqueIdentifier>{15280a91-4015-4015-83f5-c741294f6365}</UniqueIdentifier>
    </Filter>
    <Filter Include="Source Files\Bad/Old Stuff %28renderer/menu%29">
      <UniqueIdentifier>{63f66caa-229c-4dec-adac-fa5ee1c14701}</UniqueIdentifier>
    </Filter>
  </ItemGroup>
</Project>